
Microsoft Visual Studio Solution File, Format Version 12.00
# Visual Studio Version 16
VisualStudioVersion = 16.0.29911.84
MinimumVisualStudioVersion = 10.0.40219.1
Project("{FAE04EC0-301F-11D3-BF4B-00C04F79EFBC}") = "MultiBlazorServer.Host", "MultiBlazorServer.Host\MultiBlazorServer.Host.csproj", "{17A5BB5D-CF91-42E3-9F21-13D69CB0DACF}"
EndProject
Project("{9A19103F-16F7-4668-BE54-9A1E7A4F7556}") = "MultiBlazorServer.Blazor1", "MultiBlazorServer.Blazor1\MultiBlazorServer.Blazor1.csproj", "{ACE3DE9D-968E-407B-BC8E-2B5D4DCB7BB5}"
EndProject
Project("{FAE04EC0-301F-11D3-BF4B-00C04F79EFBC}") = "MultiBlazorServer.Blazor2", "MultiBlazorServer.Blazor2\MultiBlazorServer.Blazor2.csproj", "{A572B8EE-572A-4C9A-881B-E1E51268E92D}"
EndProject
Global
	GlobalSection(SolutionConfigurationPlatforms) = preSolution
		Debug|Any CPU = Debug|Any CPU
		Release|Any CPU = Release|Any CPU
	EndGlobalSection
	GlobalSection(ProjectConfigurationPlatforms) = postSolution
		{17A5BB5D-CF91-42E3-9F21-13D69CB0DACF}.Debug|Any CPU.ActiveCfg = Debug|Any CPU
		{17A5BB5D-CF91-42E3-9F21-13D69CB0DACF}.Debug|Any CPU.Build.0 = Debug|Any CPU
		{17A5BB5D-CF91-42E3-9F21-13D69CB0DACF}.Release|Any CPU.ActiveCfg = Release|Any CPU
		{17A5BB5D-CF91-42E3-9F21-13D69CB0DACF}.Release|Any CPU.Build.0 = Release|Any CPU
		{ACE3DE9D-968E-407B-BC8E-2B5D4DCB7BB5}.Debug|Any CPU.ActiveCfg = Debug|Any CPU
		{ACE3DE9D-968E-407B-BC8E-2B5D4DCB7BB5}.Debug|Any CPU.Build.0 = Debug|Any CPU
		{ACE3DE9D-968E-407B-BC8E-2B5D4DCB7BB5}.Release|Any CPU.ActiveCfg = Release|Any CPU
		{ACE3DE9D-968E-407B-BC8E-2B5D4DCB7BB5}.Release|Any CPU.Build.0 = Release|Any CPU
		{A572B8EE-572A-4C9A-881B-E1E51268E92D}.Debug|Any CPU.ActiveCfg = Debug|Any CPU
		{A572B8EE-572A-4C9A-881B-E1E51268E92D}.Debug|Any CPU.Build.0 = Debug|Any CPU
		{A572B8EE-572A-4C9A-881B-E1E51268E92D}.Release|Any CPU.ActiveCfg = Release|Any CPU
		{A572B8EE-572A-4C9A-881B-E1E51268E92D}.Release|Any CPU.Build.0 = Release|Any CPU
	EndGlobalSection
	GlobalSection(SolutionProperties) = preSolution
		HideSolutionNode = FALSE
	EndGlobalSection
	GlobalSection(ExtensibilityGlobals) = postSolution
		SolutionGuid = {AB9C0447-9ABF-4DC0-8E28-1EC1F19B18FF}
	EndGlobalSection
EndGlobal
